
Microsoft Visual Studio Solution File, Format Version 12.00
# Visual Studio 15
VisualStudioVersion = 15.0.27004.2005
MinimumVisualStudioVersion = 10.0.40219.1
Project("{FAE04EC0-301F-11D3-BF4B-00C04F79EFBC}") = "StatusMatchs", "StatusMatchs\StatusMatchs.csproj", "{4C32FCBF-F36E-4791-80D6-A0D91E0AA231}"
EndProject
Global
	GlobalSection(SolutionConfigurationPlatforms) = preSolution
		Debug|Any CPU = Debug|Any CPU
		Release|Any CPU = Release|Any CPU
	EndGlobalSection
	GlobalSection(ProjectConfigurationPlatforms) = postSolution
		{4C32FCBF-F36E-4791-80D6-A0D91E0AA231}.Debug|Any CPU.ActiveCfg = Debug|Any CPU
		{4C32FCBF-F36E-4791-80D6-A0D91E0AA231}.Debug|Any CPU.Build.0 = Debug|Any CPU
		{4C32FCBF-F36E-4791-80D6-A0D91E0AA231}.Release|Any CPU.ActiveCfg = Release|Any CPU
		{4C32FCBF-F36E-4791-80D6-A0D91E0AA231}.Release|Any CPU.Build.0 = Release|Any CPU
	EndGlobalSection
	GlobalSection(SolutionProperties) = preSolution
		HideSolutionNode = FALSE
	EndGlobalSection
	GlobalSection(ExtensibilityGlobals) = postSolution
		SolutionGuid = {C07103EA-263D-4339-A9EA-18A913602F72}
	EndGlobalSection
EndGlobal
